
Microsoft Visual Studio Solution File, Format Version 12.00
# Visual Studio Version 16
VisualStudioVersion = 16.0.31911.196
MinimumVisualStudioVersion = 10.0.40219.1
Project("{9A19103F-16F7-4668-BE54-9A1E7A4F7556}") = "MicaForEveryone", "MicaForEveryone\MicaForEveryone.csproj", "{E6F45EE9-EA05-4119-8790-DAADDA796548}"
EndProject
Global
	GlobalSection(SolutionConfigurationPlatforms) = preSolution
		Debug|Any CPU = Debug|Any CPU
		Debug|ARM = Debug|ARM
		Debug|ARM64 = Debug|ARM64
		Debug|x64 = Debug|x64
		Debug|x86 = Debug|x86
		Release|Any CPU = Release|Any CPU
		Release|ARM = Release|ARM
		Release|ARM64 = Release|ARM64
		Release|x64 = Release|x64
		Release|x86 = Release|x86
	EndGlobalSection
	GlobalSection(ProjectConfigurationPlatforms) = postSolution
		{E6F45EE9-EA05-4119-8790-DAADDA796548}.Debug|Any CPU.ActiveCfg = Debug|Any CPU
		{E6F45EE9-EA05-4119-8790-DAADDA796548}.Debug|Any CPU.Build.0 = Debug|Any CPU
		{E6F45EE9-EA05-4119-8790-DAADDA796548}.Debug|ARM.ActiveCfg = Debug|Any CPU
		{E6F45EE9-EA05-4119-8790-DAADDA796548}.Debug|ARM.Build.0 = Debug|Any CPU
		{E6F45EE9-EA05-4119-8790-DAADDA796548}.Debug|ARM64.ActiveCfg = Debug|Any CPU
		{E6F45EE9-EA05-4119-8790-DAADDA796548}.Debug|ARM64.Build.0 = Debug|Any CPU
		{E6F45EE9-EA05-4119-8790-DAADDA796548}.Debug|x64.ActiveCfg = Debug|Any CPU
		{E6F45EE9-EA05-4119-8790-DAADDA796548}.Debug|x64.Build.0 = Debug|Any CPU
		{E6F45EE9-EA05-4119-8790-DAADDA796548}.Debug|x86.ActiveCfg = Debug|Any CPU
		{E6F45EE9-EA05-4119-8790-DAADDA796548}.Debug|x86.Build.0 = Debug|Any CPU
		{E6F45EE9-EA05-4119-8790-DAADDA796548}.Release|Any CPU.ActiveCfg = Release|Any CPU
		{E6F45EE9-EA05-4119-8790-DAADDA796548}.Release|Any CPU.Build.0 = Release|Any CPU
		{E6F45EE9-EA05-4119-8790-DAADDA796548}.Release|ARM.ActiveCfg = Release|Any CPU
		{E6F45EE9-EA05-4119-8790-DAADDA796548}.Release|ARM.Build.0 = Release|Any CPU
		{E6F45EE9-EA05-4119-8790-DAADDA796548}.Release|ARM64.ActiveCfg = Release|Any CPU
		{E6F45EE9-EA05-4119-8790-DAADDA796548}.Release|ARM64.Build.0 = Release|Any CPU
		{E6F45EE9-EA05-4119-8790-DAADDA796548}.Release|x64.ActiveCfg = Release|Any CPU
		{E6F45EE9-EA05-4119-8790-DAADDA796548}.Release|x64.Build.0 = Release|Any CPU
		{E6F45EE9-EA05-4119-8790-DAADDA796548}.Release|x86.ActiveCfg = Release|Any CPU
		{E6F45EE9-EA05-4119-8790-DAADDA796548}.Release|x86.Build.0 = Release|Any CPU
	EndGlobalSection
	GlobalSection(SolutionProperties) = preSolution
		HideSolutionNode = FALSE
	EndGlobalSection
	GlobalSection(ExtensibilityGlobals) = postSolution
		SolutionGuid = {EB70A2FE-2621-4A29-B851-60431404AD36}
	EndGlobalSection
EndGlobal
