
Microsoft Visual Studio Solution File, Format Version 12.00
# Visual Studio Version 16
VisualStudioVersion = 16.0.31911.196
MinimumVisualStudioVersion = 10.0.40219.1
Project("{9A19103F-16F7-4668-BE54-9A1E7A4F7556}") = "MicaForEveryone", "MicaForEveryone\MicaForEveryone.csproj", "{E6F45EE9-EA05-4119-8790-DAADDA796548}"
EndProject
Project("{FAE04EC0-301F-11D3-BF4B-00C04F79EFBC}") = "MicaForEveryone.UWP", "MicaForEveryone.UWP\MicaForEveryone.UWP.csproj", "{740EA99D-B3F6-445D-A357-962A61357006}"
EndProject
Project("{FAE04EC0-301F-11D3-BF4B-00C04F79EFBC}") = "MicaForEveryone.ViewModels", "MicaForEveryone.ViewModels\MicaForEveryone.ViewModels.csproj", "{1FEC7C4A-30A8-4064-8022-1A6325A8938C}"
EndProject
Global
	GlobalSection(SolutionConfigurationPlatforms) = preSolution
		Debug|Any CPU = Debug|Any CPU
		Debug|ARM = Debug|ARM
		Debug|ARM64 = Debug|ARM64
		Debug|x64 = Debug|x64
		Debug|x86 = Debug|x86
		Release|Any CPU = Release|Any CPU
		Release|ARM = Release|ARM
		Release|ARM64 = Release|ARM64
		Release|x64 = Release|x64
		Release|x86 = Release|x86
	EndGlobalSection
	GlobalSection(ProjectConfigurationPlatforms) = postSolution
		{E6F45EE9-EA05-4119-8790-DAADDA796548}.Debug|Any CPU.ActiveCfg = Debug|Any CPU
		{E6F45EE9-EA05-4119-8790-DAADDA796548}.Debug|Any CPU.Build.0 = Debug|Any CPU
		{E6F45EE9-EA05-4119-8790-DAADDA796548}.Debug|ARM.ActiveCfg = Debug|Any CPU
		{E6F45EE9-EA05-4119-8790-DAADDA796548}.Debug|ARM.Build.0 = Debug|Any CPU
		{E6F45EE9-EA05-4119-8790-DAADDA796548}.Debug|ARM64.ActiveCfg = Debug|ARM64
		{E6F45EE9-EA05-4119-8790-DAADDA796548}.Debug|ARM64.Build.0 = Debug|ARM64
		{E6F45EE9-EA05-4119-8790-DAADDA796548}.Debug|x64.ActiveCfg = Debug|x64
		{E6F45EE9-EA05-4119-8790-DAADDA796548}.Debug|x64.Build.0 = Debug|x64
		{E6F45EE9-EA05-4119-8790-DAADDA796548}.Debug|x86.ActiveCfg = Debug|x86
		{E6F45EE9-EA05-4119-8790-DAADDA796548}.Debug|x86.Build.0 = Debug|x86
		{E6F45EE9-EA05-4119-8790-DAADDA796548}.Release|Any CPU.ActiveCfg = Release|Any CPU
		{E6F45EE9-EA05-4119-8790-DAADDA796548}.Release|Any CPU.Build.0 = Release|Any CPU
		{E6F45EE9-EA05-4119-8790-DAADDA796548}.Release|ARM.ActiveCfg = Release|Any CPU
		{E6F45EE9-EA05-4119-8790-DAADDA796548}.Release|ARM.Build.0 = Release|Any CPU
		{E6F45EE9-EA05-4119-8790-DAADDA796548}.Release|ARM64.ActiveCfg = Release|Any CPU
		{E6F45EE9-EA05-4119-8790-DAADDA796548}.Release|ARM64.Build.0 = Release|Any CPU
		{E6F45EE9-EA05-4119-8790-DAADDA796548}.Release|x64.ActiveCfg = Release|Any CPU
		{E6F45EE9-EA05-4119-8790-DAADDA796548}.Release|x64.Build.0 = Release|Any CPU
		{E6F45EE9-EA05-4119-8790-DAADDA796548}.Release|x86.ActiveCfg = Release|Any CPU
		{E6F45EE9-EA05-4119-8790-DAADDA796548}.Release|x86.Build.0 = Release|Any CPU
		{740EA99D-B3F6-445D-A357-962A61357006}.Debug|Any CPU.ActiveCfg = Debug|x86
		{740EA99D-B3F6-445D-A357-962A61357006}.Debug|ARM.ActiveCfg = Debug|ARM
		{740EA99D-B3F6-445D-A357-962A61357006}.Debug|ARM.Build.0 = Debug|ARM
		{740EA99D-B3F6-445D-A357-962A61357006}.Debug|ARM.Deploy.0 = Debug|ARM
		{740EA99D-B3F6-445D-A357-962A61357006}.Debug|ARM64.ActiveCfg = Debug|ARM64
		{740EA99D-B3F6-445D-A357-962A61357006}.Debug|ARM64.Build.0 = Debug|ARM64
		{740EA99D-B3F6-445D-A357-962A61357006}.Debug|ARM64.Deploy.0 = Debug|ARM64
		{740EA99D-B3F6-445D-A357-962A61357006}.Debug|x64.ActiveCfg = Debug|x64
		{740EA99D-B3F6-445D-A357-962A61357006}.Debug|x64.Build.0 = Debug|x64
		{740EA99D-B3F6-445D-A357-962A61357006}.Debug|x64.Deploy.0 = Debug|x64
		{740EA99D-B3F6-445D-A357-962A61357006}.Debug|x86.ActiveCfg = Debug|x86
		{740EA99D-B3F6-445D-A357-962A61357006}.Debug|x86.Build.0 = Debug|x86
		{740EA99D-B3F6-445D-A357-962A61357006}.Debug|x86.Deploy.0 = Debug|x86
		{740EA99D-B3F6-445D-A357-962A61357006}.Release|Any CPU.ActiveCfg = Release|x86
		{740EA99D-B3F6-445D-A357-962A61357006}.Release|ARM.ActiveCfg = Release|ARM
		{740EA99D-B3F6-445D-A357-962A61357006}.Release|ARM.Build.0 = Release|ARM
		{740EA99D-B3F6-445D-A357-962A61357006}.Release|ARM.Deploy.0 = Release|ARM
		{740EA99D-B3F6-445D-A357-962A61357006}.Release|ARM64.ActiveCfg = Release|ARM64
		{740EA99D-B3F6-445D-A357-962A61357006}.Release|ARM64.Build.0 = Release|ARM64
		{740EA99D-B3F6-445D-A357-962A61357006}.Release|ARM64.Deploy.0 = Release|ARM64
		{740EA99D-B3F6-445D-A357-962A61357006}.Release|x64.ActiveCfg = Release|x64
		{740EA99D-B3F6-445D-A357-962A61357006}.Release|x64.Build.0 = Release|x64
		{740EA99D-B3F6-445D-A357-962A61357006}.Release|x64.Deploy.0 = Release|x64
		{740EA99D-B3F6-445D-A357-962A61357006}.Release|x86.ActiveCfg = Release|x86
		{740EA99D-B3F6-445D-A357-962A61357006}.Release|x86.Build.0 = Release|x86
		{740EA99D-B3F6-445D-A357-962A61357006}.Release|x86.Deploy.0 = Release|x86
		{1FEC7C4A-30A8-4064-8022-1A6325A8938C}.Debug|Any CPU.ActiveCfg = Debug|Any CPU
		{1FEC7C4A-30A8-4064-8022-1A6325A8938C}.Debug|Any CPU.Build.0 = Debug|Any CPU
		{1FEC7C4A-30A8-4064-8022-1A6325A8938C}.Debug|ARM.ActiveCfg = Debug|Any CPU
		{1FEC7C4A-30A8-4064-8022-1A6325A8938C}.Debug|ARM.Build.0 = Debug|Any CPU
		{1FEC7C4A-30A8-4064-8022-1A6325A8938C}.Debug|ARM64.ActiveCfg = Debug|Any CPU
		{1FEC7C4A-30A8-4064-8022-1A6325A8938C}.Debug|ARM64.Build.0 = Debug|Any CPU
		{1FEC7C4A-30A8-4064-8022-1A6325A8938C}.Debug|x64.ActiveCfg = Debug|Any CPU
		{1FEC7C4A-30A8-4064-8022-1A6325A8938C}.Debug|x64.Build.0 = Debug|Any CPU
		{1FEC7C4A-30A8-4064-8022-1A6325A8938C}.Debug|x86.ActiveCfg = Debug|Any CPU
		{1FEC7C4A-30A8-4064-8022-1A6325A8938C}.Debug|x86.Build.0 = Debug|Any CPU
		{1FEC7C4A-30A8-4064-8022-1A6325A8938C}.Release|Any CPU.ActiveCfg = Release|Any CPU
		{1FEC7C4A-30A8-4064-8022-1A6325A8938C}.Release|Any CPU.Build.0 = Release|Any CPU
		{1FEC7C4A-30A8-4064-8022-1A6325A8938C}.Release|ARM.ActiveCfg = Release|Any CPU
		{1FEC7C4A-30A8-4064-8022-1A6325A8938C}.Release|ARM.Build.0 = Release|Any CPU
		{1FEC7C4A-30A8-4064-8022-1A6325A8938C}.Release|ARM64.ActiveCfg = Release|Any CPU
		{1FEC7C4A-30A8-4064-8022-1A6325A8938C}.Release|ARM64.Build.0 = Release|Any CPU
		{1FEC7C4A-30A8-4064-8022-1A6325A8938C}.Release|x64.ActiveCfg = Release|Any CPU
		{1FEC7C4A-30A8-4064-8022-1A6325A8938C}.Release|x64.Build.0 = Release|Any CPU
		{1FEC7C4A-30A8-4064-8022-1A6325A8938C}.Release|x86.ActiveCfg = Release|Any CPU
		{1FEC7C4A-30A8-4064-8022-1A6325A8938C}.Release|x86.Build.0 = Release|Any CPU
	EndGlobalSection
	GlobalSection(SolutionProperties) = preSolution
		HideSolutionNode = FALSE
	EndGlobalSection
	GlobalSection(ExtensibilityGlobals) = postSolution
		SolutionGuid = {EB70A2FE-2621-4A29-B851-60431404AD36}
	EndGlobalSection
EndGlobal
