
Microsoft Visual Studio Solution File, Format Version 12.00
# Visual Studio Version 17
VisualStudioVersion = 17.1.32407.343
MinimumVisualStudioVersion = 10.0.40219.1
Project("{9A19103F-16F7-4668-BE54-9A1E7A4F7556}") = "MicaForEveryone", "MicaForEveryone\MicaForEveryone.csproj", "{E6F45EE9-EA05-4119-8790-DAADDA796548}"
EndProject
Project("{FAE04EC0-301F-11D3-BF4B-00C04F79EFBC}") = "MicaForEveryone.UI", "MicaForEveryone.UI\MicaForEveryone.UI.csproj", "{740EA99D-B3F6-445D-A357-962A61357006}"
EndProject
Project("{9A19103F-16F7-4668-BE54-9A1E7A4F7556}") = "MicaForEveryone.Win32", "MicaForEveryone.Win32\MicaForEveryone.Win32.csproj", "{473FCFBE-B22A-4BFC-BAA0-769E29C4FD5D}"
EndProject
Project("{2150E333-8FDC-42A3-9474-1A3956D46DE8}") = "Solution Items", "Solution Items", "{A8704F1B-DF09-46DD-80AC-B7C6C442BE1D}"
	ProjectSection(SolutionItems) = preProject
		.gitignore = .gitignore
		CONTRIBUTING.md = CONTRIBUTING.md
		Installer.iss = Installer.iss
		LICENSE = LICENSE
		MicaForEveryone.pfx = MicaForEveryone.pfx
		README.md = README.md
	EndProjectSection
EndProject
Project("{2150E333-8FDC-42A3-9474-1A3956D46DE8}") = ".github", ".github", "{D5E7CCF7-CA52-4B9F-9D85-747B72904A42}"
	ProjectSection(SolutionItems) = preProject
		.github\dependabot.yml = .github\dependabot.yml
	EndProjectSection
EndProject
Project("{2150E333-8FDC-42A3-9474-1A3956D46DE8}") = "workflow", "workflow", "{9EF51D86-285E-419C-AE09-14EBB7DE9EE9}"
	ProjectSection(SolutionItems) = preProject
		.github\workflows\ci.yml = .github\workflows\ci.yml
		.github\workflows\winget.yml = .github\workflows\winget.yml
	EndProjectSection
EndProject
Project("{C7167F0D-BC9F-4E6E-AFE1-012C56B48DB5}") = "MicaForEveryone.Package", "MicaForEveryone.Package\MicaForEveryone.Package.wapproj", "{12503582-6D75-4DDE-97C7-B35BADE8D123}"
EndProject
Project("{2150E333-8FDC-42A3-9474-1A3956D46DE8}") = "Assets", "Assets", "{5D35A1AE-7CE4-48CF-BB91-62B22761BC24}"
	ProjectSection(SolutionItems) = preProject
		Assets\1.png = Assets\1.png
		Assets\2.png = Assets\2.png
		Assets\3.png = Assets\3.png
	EndProjectSection
EndProject
Project("{9A19103F-16F7-4668-BE54-9A1E7A4F7556}") = "MicaForEveryone.Core", "MicaForEveryone.Core\MicaForEveryone.Core.csproj", "{56AA4F47-4776-49A1-9D7C-C9D8EB92A453}"
EndProject
Global
	GlobalSection(SolutionConfigurationPlatforms) = preSolution
		Debug|Any CPU = Debug|Any CPU
		Debug|ARM64 = Debug|ARM64
		Debug|x64 = Debug|x64
		Debug|x86 = Debug|x86
		Release|Any CPU = Release|Any CPU
		Release|ARM64 = Release|ARM64
		Release|x64 = Release|x64
		Release|x86 = Release|x86
	EndGlobalSection
	GlobalSection(ProjectConfigurationPlatforms) = postSolution
		{E6F45EE9-EA05-4119-8790-DAADDA796548}.Debug|Any CPU.ActiveCfg = Debug|x64
		{E6F45EE9-EA05-4119-8790-DAADDA796548}.Debug|Any CPU.Build.0 = Debug|x64
		{E6F45EE9-EA05-4119-8790-DAADDA796548}.Debug|ARM64.ActiveCfg = Debug|arm64
		{E6F45EE9-EA05-4119-8790-DAADDA796548}.Debug|ARM64.Build.0 = Debug|arm64
		{E6F45EE9-EA05-4119-8790-DAADDA796548}.Debug|x64.ActiveCfg = Debug|x64
		{E6F45EE9-EA05-4119-8790-DAADDA796548}.Debug|x64.Build.0 = Debug|x64
		{E6F45EE9-EA05-4119-8790-DAADDA796548}.Debug|x86.ActiveCfg = Debug|x86
		{E6F45EE9-EA05-4119-8790-DAADDA796548}.Debug|x86.Build.0 = Debug|x86
		{E6F45EE9-EA05-4119-8790-DAADDA796548}.Release|Any CPU.ActiveCfg = Release|x64
		{E6F45EE9-EA05-4119-8790-DAADDA796548}.Release|Any CPU.Build.0 = Release|x64
		{E6F45EE9-EA05-4119-8790-DAADDA796548}.Release|ARM64.ActiveCfg = Release|arm64
		{E6F45EE9-EA05-4119-8790-DAADDA796548}.Release|ARM64.Build.0 = Release|arm64
		{E6F45EE9-EA05-4119-8790-DAADDA796548}.Release|x64.ActiveCfg = Release|x64
		{E6F45EE9-EA05-4119-8790-DAADDA796548}.Release|x64.Build.0 = Release|x64
		{E6F45EE9-EA05-4119-8790-DAADDA796548}.Release|x86.ActiveCfg = Release|x86
		{E6F45EE9-EA05-4119-8790-DAADDA796548}.Release|x86.Build.0 = Release|x86
		{740EA99D-B3F6-445D-A357-962A61357006}.Debug|Any CPU.ActiveCfg = Debug|Any CPU
		{740EA99D-B3F6-445D-A357-962A61357006}.Debug|Any CPU.Build.0 = Debug|Any CPU
		{740EA99D-B3F6-445D-A357-962A61357006}.Debug|Any CPU.Deploy.0 = Debug|Any CPU
		{740EA99D-B3F6-445D-A357-962A61357006}.Debug|ARM64.ActiveCfg = Debug|ARM64
		{740EA99D-B3F6-445D-A357-962A61357006}.Debug|ARM64.Build.0 = Debug|ARM64
		{740EA99D-B3F6-445D-A357-962A61357006}.Debug|x64.ActiveCfg = Debug|x64
		{740EA99D-B3F6-445D-A357-962A61357006}.Debug|x64.Build.0 = Debug|x64
		{740EA99D-B3F6-445D-A357-962A61357006}.Debug|x86.ActiveCfg = Debug|x86
		{740EA99D-B3F6-445D-A357-962A61357006}.Debug|x86.Build.0 = Debug|x86
		{740EA99D-B3F6-445D-A357-962A61357006}.Debug|x86.Deploy.0 = Debug|x86
		{740EA99D-B3F6-445D-A357-962A61357006}.Release|Any CPU.ActiveCfg = Release|Any CPU
		{740EA99D-B3F6-445D-A357-962A61357006}.Release|Any CPU.Build.0 = Release|Any CPU
		{740EA99D-B3F6-445D-A357-962A61357006}.Release|Any CPU.Deploy.0 = Release|Any CPU
		{740EA99D-B3F6-445D-A357-962A61357006}.Release|ARM64.ActiveCfg = Release|ARM64
		{740EA99D-B3F6-445D-A357-962A61357006}.Release|ARM64.Build.0 = Release|ARM64
		{740EA99D-B3F6-445D-A357-962A61357006}.Release|x64.ActiveCfg = Release|x64
		{740EA99D-B3F6-445D-A357-962A61357006}.Release|x64.Build.0 = Release|x64
		{740EA99D-B3F6-445D-A357-962A61357006}.Release|x86.ActiveCfg = Release|x86
		{740EA99D-B3F6-445D-A357-962A61357006}.Release|x86.Build.0 = Release|x86
		{740EA99D-B3F6-445D-A357-962A61357006}.Release|x86.Deploy.0 = Release|x86
		{473FCFBE-B22A-4BFC-BAA0-769E29C4FD5D}.Debug|Any CPU.ActiveCfg = Debug|Any CPU
		{473FCFBE-B22A-4BFC-BAA0-769E29C4FD5D}.Debug|Any CPU.Build.0 = Debug|Any CPU
		{473FCFBE-B22A-4BFC-BAA0-769E29C4FD5D}.Debug|ARM64.ActiveCfg = Debug|Any CPU
		{473FCFBE-B22A-4BFC-BAA0-769E29C4FD5D}.Debug|ARM64.Build.0 = Debug|Any CPU
		{473FCFBE-B22A-4BFC-BAA0-769E29C4FD5D}.Debug|x64.ActiveCfg = Debug|x64
		{473FCFBE-B22A-4BFC-BAA0-769E29C4FD5D}.Debug|x64.Build.0 = Debug|x64
		{473FCFBE-B22A-4BFC-BAA0-769E29C4FD5D}.Debug|x86.ActiveCfg = Debug|x86
		{473FCFBE-B22A-4BFC-BAA0-769E29C4FD5D}.Debug|x86.Build.0 = Debug|x86
		{473FCFBE-B22A-4BFC-BAA0-769E29C4FD5D}.Release|Any CPU.ActiveCfg = Release|Any CPU
		{473FCFBE-B22A-4BFC-BAA0-769E29C4FD5D}.Release|Any CPU.Build.0 = Release|Any CPU
		{473FCFBE-B22A-4BFC-BAA0-769E29C4FD5D}.Release|ARM64.ActiveCfg = Release|Any CPU
		{473FCFBE-B22A-4BFC-BAA0-769E29C4FD5D}.Release|ARM64.Build.0 = Release|Any CPU
		{473FCFBE-B22A-4BFC-BAA0-769E29C4FD5D}.Release|x64.ActiveCfg = Release|Any CPU
		{473FCFBE-B22A-4BFC-BAA0-769E29C4FD5D}.Release|x64.Build.0 = Release|Any CPU
		{473FCFBE-B22A-4BFC-BAA0-769E29C4FD5D}.Release|x86.ActiveCfg = Release|x86
		{473FCFBE-B22A-4BFC-BAA0-769E29C4FD5D}.Release|x86.Build.0 = Release|x86
		{12503582-6D75-4DDE-97C7-B35BADE8D123}.Debug|Any CPU.ActiveCfg = Debug|x64
		{12503582-6D75-4DDE-97C7-B35BADE8D123}.Debug|Any CPU.Build.0 = Debug|x64
		{12503582-6D75-4DDE-97C7-B35BADE8D123}.Debug|Any CPU.Deploy.0 = Debug|x64
		{12503582-6D75-4DDE-97C7-B35BADE8D123}.Debug|ARM64.ActiveCfg = Debug|ARM64
		{12503582-6D75-4DDE-97C7-B35BADE8D123}.Debug|ARM64.Build.0 = Debug|ARM64
		{12503582-6D75-4DDE-97C7-B35BADE8D123}.Debug|ARM64.Deploy.0 = Debug|ARM64
		{12503582-6D75-4DDE-97C7-B35BADE8D123}.Debug|x64.ActiveCfg = Debug|x64
		{12503582-6D75-4DDE-97C7-B35BADE8D123}.Debug|x64.Build.0 = Debug|x64
		{12503582-6D75-4DDE-97C7-B35BADE8D123}.Debug|x64.Deploy.0 = Debug|x64
		{12503582-6D75-4DDE-97C7-B35BADE8D123}.Debug|x86.ActiveCfg = Debug|x86
		{12503582-6D75-4DDE-97C7-B35BADE8D123}.Debug|x86.Build.0 = Debug|x86
		{12503582-6D75-4DDE-97C7-B35BADE8D123}.Debug|x86.Deploy.0 = Debug|x86
		{12503582-6D75-4DDE-97C7-B35BADE8D123}.Release|Any CPU.ActiveCfg = Release|x64
		{12503582-6D75-4DDE-97C7-B35BADE8D123}.Release|Any CPU.Build.0 = Release|x64
		{12503582-6D75-4DDE-97C7-B35BADE8D123}.Release|Any CPU.Deploy.0 = Release|x64
		{12503582-6D75-4DDE-97C7-B35BADE8D123}.Release|ARM64.ActiveCfg = Release|ARM64
		{12503582-6D75-4DDE-97C7-B35BADE8D123}.Release|ARM64.Build.0 = Release|ARM64
		{12503582-6D75-4DDE-97C7-B35BADE8D123}.Release|ARM64.Deploy.0 = Release|ARM64
		{12503582-6D75-4DDE-97C7-B35BADE8D123}.Release|x64.ActiveCfg = Release|x64
		{12503582-6D75-4DDE-97C7-B35BADE8D123}.Release|x64.Build.0 = Release|x64
		{12503582-6D75-4DDE-97C7-B35BADE8D123}.Release|x64.Deploy.0 = Release|x64
		{12503582-6D75-4DDE-97C7-B35BADE8D123}.Release|x86.ActiveCfg = Release|x86
		{12503582-6D75-4DDE-97C7-B35BADE8D123}.Release|x86.Build.0 = Release|x86
		{12503582-6D75-4DDE-97C7-B35BADE8D123}.Release|x86.Deploy.0 = Release|x86
		{56AA4F47-4776-49A1-9D7C-C9D8EB92A453}.Debug|Any CPU.ActiveCfg = Debug|Any CPU
		{56AA4F47-4776-49A1-9D7C-C9D8EB92A453}.Debug|Any CPU.Build.0 = Debug|Any CPU
		{56AA4F47-4776-49A1-9D7C-C9D8EB92A453}.Debug|ARM64.ActiveCfg = Debug|Any CPU
		{56AA4F47-4776-49A1-9D7C-C9D8EB92A453}.Debug|ARM64.Build.0 = Debug|Any CPU
		{56AA4F47-4776-49A1-9D7C-C9D8EB92A453}.Debug|x64.ActiveCfg = Debug|Any CPU
		{56AA4F47-4776-49A1-9D7C-C9D8EB92A453}.Debug|x64.Build.0 = Debug|Any CPU
		{56AA4F47-4776-49A1-9D7C-C9D8EB92A453}.Debug|x86.ActiveCfg = Debug|Any CPU
		{56AA4F47-4776-49A1-9D7C-C9D8EB92A453}.Debug|x86.Build.0 = Debug|Any CPU
		{56AA4F47-4776-49A1-9D7C-C9D8EB92A453}.Release|Any CPU.ActiveCfg = Release|Any CPU
		{56AA4F47-4776-49A1-9D7C-C9D8EB92A453}.Release|Any CPU.Build.0 = Release|Any CPU
		{56AA4F47-4776-49A1-9D7C-C9D8EB92A453}.Release|ARM64.ActiveCfg = Release|Any CPU
		{56AA4F47-4776-49A1-9D7C-C9D8EB92A453}.Release|ARM64.Build.0 = Release|Any CPU
		{56AA4F47-4776-49A1-9D7C-C9D8EB92A453}.Release|x64.ActiveCfg = Release|Any CPU
		{56AA4F47-4776-49A1-9D7C-C9D8EB92A453}.Release|x64.Build.0 = Release|Any CPU
		{56AA4F47-4776-49A1-9D7C-C9D8EB92A453}.Release|x86.ActiveCfg = Release|Any CPU
		{56AA4F47-4776-49A1-9D7C-C9D8EB92A453}.Release|x86.Build.0 = Release|Any CPU
	EndGlobalSection
	GlobalSection(SolutionProperties) = preSolution
		HideSolutionNode = FALSE
	EndGlobalSection
	GlobalSection(NestedProjects) = preSolution
		{9EF51D86-285E-419C-AE09-14EBB7DE9EE9} = {D5E7CCF7-CA52-4B9F-9D85-747B72904A42}
		{5D35A1AE-7CE4-48CF-BB91-62B22761BC24} = {A8704F1B-DF09-46DD-80AC-B7C6C442BE1D}
	EndGlobalSection
	GlobalSection(ExtensibilityGlobals) = postSolution
		SolutionGuid = {EB70A2FE-2621-4A29-B851-60431404AD36}
	EndGlobalSection
EndGlobal
